
Microsoft Visual Studio Solution File, Format Version 12.00
# Visual Studio Version 17
VisualStudioVersion = 17.2.32616.157
MinimumVisualStudioVersion = 10.0.40219.1
Project("{FAE04EC0-301F-11D3-BF4B-00C04F79EFBC}") = "eTickets", "eTickets\eTickets.csproj", "{C49DE252-68A2-4573-BFB5-FF2BEFAB9E23}"
EndProject
Global
	GlobalSection(SolutionConfigurationPlatforms) = preSolution
		Debug|Any CPU = Debug|Any CPU
		Release|Any CPU = Release|Any CPU
	EndGlobalSection
	GlobalSection(ProjectConfigurationPlatforms) = postSolution
		{C49DE252-68A2-4573-BFB5-FF2BEFAB9E23}.Debug|Any CPU.ActiveCfg = Debug|Any CPU
		{C49DE252-68A2-4573-BFB5-FF2BEFAB9E23}.Debug|Any CPU.Build.0 = Debug|Any CPU
		{C49DE252-68A2-4573-BFB5-FF2BEFAB9E23}.Release|Any CPU.ActiveCfg = Release|Any CPU
		{C49DE252-68A2-4573-BFB5-FF2BEFAB9E23}.Release|Any CPU.Build.0 = Release|Any CPU
	EndGlobalSection
	GlobalSection(SolutionProperties) = preSolution
		HideSolutionNode = FALSE
	EndGlobalSection
	GlobalSection(ExtensibilityGlobals) = postSolution
		SolutionGuid = {E744E186-1E99-4481-BCBF-7ECF043C3A5C}
	EndGlobalSection
EndGlobal
